
Microsoft Visual Studio Solution File, Format Version 12.00
# Visual Studio Version 17
VisualStudioVersion = 17.3.32825.248
MinimumVisualStudioVersion = 10.0.40219.1
Project("{FAE04EC0-301F-11D3-BF4B-00C04F79EFBC}") = "Todo.API", "Todo.API\Todo.API.csproj", "{EF46483B-A7B3-4BFD-8B6A-B0457ACD261D}"
EndProject
Global
	GlobalSection(SolutionConfigurationPlatforms) = preSolution
		Debug|Any CPU = Debug|Any CPU
		Release|Any CPU = Release|Any CPU
	EndGlobalSection
	GlobalSection(ProjectConfigurationPlatforms) = postSolution
		{EF46483B-A7B3-4BFD-8B6A-B0457ACD261D}.Debug|Any CPU.ActiveCfg = Debug|Any CPU
		{EF46483B-A7B3-4BFD-8B6A-B0457ACD261D}.Debug|Any CPU.Build.0 = Debug|Any CPU
		{EF46483B-A7B3-4BFD-8B6A-B0457ACD261D}.Release|Any CPU.ActiveCfg = Release|Any CPU
		{EF46483B-A7B3-4BFD-8B6A-B0457ACD261D}.Release|Any CPU.Build.0 = Release|Any CPU
	EndGlobalSection
	GlobalSection(SolutionProperties) = preSolution
		HideSolutionNode = FALSE
	EndGlobalSection
	GlobalSection(ExtensibilityGlobals) = postSolution
		SolutionGuid = {36E83895-6CC7-4886-9D19-C21A4E799AD6}
	EndGlobalSection
EndGlobal
